
Microsoft Visual Studio Solution File, Format Version 12.00
# Visual Studio Version 16
VisualStudioVersion = 16.0.33927.289
MinimumVisualStudioVersion = 10.0.40219.1
Project("{FAE04EC0-301F-11D3-BF4B-00C04F79EFBC}") = "Assembly-CSharp", "Assembly-CSharp.csproj", "{1F7ECB0D-80E5-7865-69EF-93E7C1AF7D9F}"
EndProject
Project("{FAE04EC0-301F-11D3-BF4B-00C04F79EFBC}") = "Assembly-CSharp-Editor", "Assembly-CSharp-Editor.csproj", "{2AA6A795-A5E0-2CF5-8191-F67AC5B47A62}"
EndProject
Global
	GlobalSection(SolutionConfigurationPlatforms) = preSolution
		Debug|Any CPU = Debug|Any CPU
		Release|Any CPU = Release|Any CPU
	EndGlobalSection
	GlobalSection(ProjectConfigurationPlatforms) = postSolution
		{1F7ECB0D-80E5-7865-69EF-93E7C1AF7D9F}.Debug|Any CPU.ActiveCfg = Debug|Any CPU
		{1F7ECB0D-80E5-7865-69EF-93E7C1AF7D9F}.Debug|Any CPU.Build.0 = Debug|Any CPU
		{1F7ECB0D-80E5-7865-69EF-93E7C1AF7D9F}.Release|Any CPU.ActiveCfg = Release|Any CPU
		{1F7ECB0D-80E5-7865-69EF-93E7C1AF7D9F}.Release|Any CPU.Build.0 = Release|Any CPU
		{2AA6A795-A5E0-2CF5-8191-F67AC5B47A62}.Debug|Any CPU.ActiveCfg = Debug|Any CPU
		{2AA6A795-A5E0-2CF5-8191-F67AC5B47A62}.Debug|Any CPU.Build.0 = Debug|Any CPU
		{2AA6A795-A5E0-2CF5-8191-F67AC5B47A62}.Release|Any CPU.ActiveCfg = Release|Any CPU
		{2AA6A795-A5E0-2CF5-8191-F67AC5B47A62}.Release|Any CPU.Build.0 = Release|Any CPU
	EndGlobalSection
	GlobalSection(SolutionProperties) = preSolution
		HideSolutionNode = FALSE
	EndGlobalSection
	GlobalSection(ExtensibilityGlobals) = postSolution
		SolutionGuid = {C7494AD5-675A-4C34-99F5-2D5198C8DBC7}
	EndGlobalSection
EndGlobal
